
Microsoft Visual Studio Solution File, Format Version 12.00
# Visual Studio 15
VisualStudioVersion = 15.0.27004.2008
MinimumVisualStudioVersion = 10.0.40219.1
Project("{FAE04EC0-301F-11D3-BF4B-00C04F79EFBC}") = "01-First-Console-Application", "01-First-Console-Application\01-First-Console-Application.csproj", "{37395FAD-E6C3-49D2-999B-47AAA1137ABA}"
EndProject
Project("{FAE04EC0-301F-11D3-BF4B-00C04F79EFBC}") = "02-Printing-Out-Text", "02-Printing-Out-Text\02-Printing-Out-Text.csproj", "{4E997589-B2DA-4E86-A257-4073CC607CD2}"
EndProject
Project("{FAE04EC0-301F-11D3-BF4B-00C04F79EFBC}") = "03-First-User-Input", "03-First-User-Input\03-First-User-Input.csproj", "{70AC2744-AAA2-4389-A76C-BD4D48811E4B}"
EndProject
Project("{FAE04EC0-301F-11D3-BF4B-00C04F79EFBC}") = "04-Parse-Input-To-Int", "04-Parse-Input-To-Int\04-Parse-Input-To-Int.csproj", "{2C5C25D9-9106-4C07-B337-1101E8111817}"
EndProject
Project("{FAE04EC0-301F-11D3-BF4B-00C04F79EFBC}") = "05-Parse-Input-Multiply-Divide", "05-Parse-Input-Multiply-Divide\05-Parse-Input-Multiply-Divide.csproj", "{9BBF4655-82B0-44FB-885D-0FCE26CECF22}"
EndProject
Project("{FAE04EC0-301F-11D3-BF4B-00C04F79EFBC}") = "06-Less-Or-Greater-Than", "06-Less-Or-Greater-Than\06-Less-Or-Greater-Than.csproj", "{BDE6FB04-F140-4142-A4ED-A8ADAFCBE5CB}"
EndProject
Global
	GlobalSection(SolutionConfigurationPlatforms) = preSolution
		Debug|Any CPU = Debug|Any CPU
		Release|Any CPU = Release|Any CPU
	EndGlobalSection
	GlobalSection(ProjectConfigurationPlatforms) = postSolution
		{37395FAD-E6C3-49D2-999B-47AAA1137ABA}.Debug|Any CPU.ActiveCfg = Debug|Any CPU
		{37395FAD-E6C3-49D2-999B-47AAA1137ABA}.Debug|Any CPU.Build.0 = Debug|Any CPU
		{37395FAD-E6C3-49D2-999B-47AAA1137ABA}.Release|Any CPU.ActiveCfg = Release|Any CPU
		{37395FAD-E6C3-49D2-999B-47AAA1137ABA}.Release|Any CPU.Build.0 = Release|Any CPU
		{4E997589-B2DA-4E86-A257-4073CC607CD2}.Debug|Any CPU.ActiveCfg = Debug|Any CPU
		{4E997589-B2DA-4E86-A257-4073CC607CD2}.Debug|Any CPU.Build.0 = Debug|Any CPU
		{4E997589-B2DA-4E86-A257-4073CC607CD2}.Release|Any CPU.ActiveCfg = Release|Any CPU
		{4E997589-B2DA-4E86-A257-4073CC607CD2}.Release|Any CPU.Build.0 = Release|Any CPU
		{70AC2744-AAA2-4389-A76C-BD4D48811E4B}.Debug|Any CPU.ActiveCfg = Debug|Any CPU
		{70AC2744-AAA2-4389-A76C-BD4D48811E4B}.Debug|Any CPU.Build.0 = Debug|Any CPU
		{70AC2744-AAA2-4389-A76C-BD4D48811E4B}.Release|Any CPU.ActiveCfg = Release|Any CPU
		{70AC2744-AAA2-4389-A76C-BD4D48811E4B}.Release|Any CPU.Build.0 = Release|Any CPU
		{2C5C25D9-9106-4C07-B337-1101E8111817}.Debug|Any CPU.ActiveCfg = Debug|Any CPU
		{2C5C25D9-9106-4C07-B337-1101E8111817}.Debug|Any CPU.Build.0 = Debug|Any CPU
		{2C5C25D9-9106-4C07-B337-1101E8111817}.Release|Any CPU.ActiveCfg = Release|Any CPU
		{2C5C25D9-9106-4C07-B337-1101E8111817}.Release|Any CPU.Build.0 = Release|Any CPU
		{9BBF4655-82B0-44FB-885D-0FCE26CECF22}.Debug|Any CPU.ActiveCfg = Debug|Any CPU
		{9BBF4655-82B0-44FB-885D-0FCE26CECF22}.Debug|Any CPU.Build.0 = Debug|Any CPU
		{9BBF4655-82B0-44FB-885D-0FCE26CECF22}.Release|Any CPU.ActiveCfg = Release|Any CPU
		{9BBF4655-82B0-44FB-885D-0FCE26CECF22}.Release|Any CPU.Build.0 = Release|Any CPU
		{BDE6FB04-F140-4142-A4ED-A8ADAFCBE5CB}.Debug|Any CPU.ActiveCfg = Debug|Any CPU
		{BDE6FB04-F140-4142-A4ED-A8ADAFCBE5CB}.Debug|Any CPU.Build.0 = Debug|Any CPU
		{BDE6FB04-F140-4142-A4ED-A8ADAFCBE5CB}.Release|Any CPU.ActiveCfg = Release|Any CPU
		{BDE6FB04-F140-4142-A4ED-A8ADAFCBE5CB}.Release|Any CPU.Build.0 = Release|Any CPU
	EndGlobalSection
	GlobalSection(SolutionProperties) = preSolution
		HideSolutionNode = FALSE
	EndGlobalSection
	GlobalSection(ExtensibilityGlobals) = postSolution
		SolutionGuid = {DAB6E2CA-CEF4-47CA-86D5-F64DEC859648}
	EndGlobalSection
EndGlobal
