
Microsoft Visual Studio Solution File, Format Version 12.00
# Visual Studio 15
VisualStudioVersion = 15.0.27004.2008
MinimumVisualStudioVersion = 10.0.40219.1
Project("{FAE04EC0-301F-11D3-BF4B-00C04F79EFBC}") = "01-6x6-Multiply-Tabel", "05-Exxxs\01-6x6-Multiply-Tabel.csproj", "{86C65B90-B2A2-44CC-BB23-E2EB6455B8AA}"
EndProject
Project("{FAE04EC0-301F-11D3-BF4B-00C04F79EFBC}") = "02-Kotionu", "02-Kotionu\02-Kotionu.csproj", "{0DED24F1-55D5-441F-81CE-18A57A10FF5E}"
EndProject
Global
	GlobalSection(SolutionConfigurationPlatforms) = preSolution
		Debug|Any CPU = Debug|Any CPU
		Release|Any CPU = Release|Any CPU
	EndGlobalSection
	GlobalSection(ProjectConfigurationPlatforms) = postSolution
		{86C65B90-B2A2-44CC-BB23-E2EB6455B8AA}.Debug|Any CPU.ActiveCfg = Debug|Any CPU
		{86C65B90-B2A2-44CC-BB23-E2EB6455B8AA}.Debug|Any CPU.Build.0 = Debug|Any CPU
		{86C65B90-B2A2-44CC-BB23-E2EB6455B8AA}.Release|Any CPU.ActiveCfg = Release|Any CPU
		{86C65B90-B2A2-44CC-BB23-E2EB6455B8AA}.Release|Any CPU.Build.0 = Release|Any CPU
		{0DED24F1-55D5-441F-81CE-18A57A10FF5E}.Debug|Any CPU.ActiveCfg = Debug|Any CPU
		{0DED24F1-55D5-441F-81CE-18A57A10FF5E}.Debug|Any CPU.Build.0 = Debug|Any CPU
		{0DED24F1-55D5-441F-81CE-18A57A10FF5E}.Release|Any CPU.ActiveCfg = Release|Any CPU
		{0DED24F1-55D5-441F-81CE-18A57A10FF5E}.Release|Any CPU.Build.0 = Release|Any CPU
	EndGlobalSection
	GlobalSection(SolutionProperties) = preSolution
		HideSolutionNode = FALSE
	EndGlobalSection
	GlobalSection(ExtensibilityGlobals) = postSolution
		SolutionGuid = {C65A686A-C3F1-47C1-BBFD-7FA3C2AEC811}
	EndGlobalSection
EndGlobal
