
Microsoft Visual Studio Solution File, Format Version 12.00
# Visual Studio 15
VisualStudioVersion = 15.0.27130.2020
MinimumVisualStudioVersion = 10.0.40219.1
Project("{FAE04EC0-301F-11D3-BF4B-00C04F79EFBC}") = "Black-Jack", "Black-Jack\Black-Jack.csproj", "{6820167C-015E-4DCA-92C7-08CDDC846F2E}"
EndProject
Project("{FAE04EC0-301F-11D3-BF4B-00C04F79EFBC}") = "Black-Jack-Maja-V6tab", "Black-Jack-Maja-V6tab\Black-Jack-Maja-V6tab.csproj", "{DFF12DC8-ADA4-462A-BEAD-8AF5A834D899}"
EndProject
Global
	GlobalSection(SolutionConfigurationPlatforms) = preSolution
		Debug|Any CPU = Debug|Any CPU
		Release|Any CPU = Release|Any CPU
	EndGlobalSection
	GlobalSection(ProjectConfigurationPlatforms) = postSolution
		{6820167C-015E-4DCA-92C7-08CDDC846F2E}.Debug|Any CPU.ActiveCfg = Debug|Any CPU
		{6820167C-015E-4DCA-92C7-08CDDC846F2E}.Debug|Any CPU.Build.0 = Debug|Any CPU
		{6820167C-015E-4DCA-92C7-08CDDC846F2E}.Release|Any CPU.ActiveCfg = Release|Any CPU
		{6820167C-015E-4DCA-92C7-08CDDC846F2E}.Release|Any CPU.Build.0 = Release|Any CPU
		{DFF12DC8-ADA4-462A-BEAD-8AF5A834D899}.Debug|Any CPU.ActiveCfg = Debug|Any CPU
		{DFF12DC8-ADA4-462A-BEAD-8AF5A834D899}.Debug|Any CPU.Build.0 = Debug|Any CPU
		{DFF12DC8-ADA4-462A-BEAD-8AF5A834D899}.Release|Any CPU.ActiveCfg = Release|Any CPU
		{DFF12DC8-ADA4-462A-BEAD-8AF5A834D899}.Release|Any CPU.Build.0 = Release|Any CPU
	EndGlobalSection
	GlobalSection(SolutionProperties) = preSolution
		HideSolutionNode = FALSE
	EndGlobalSection
	GlobalSection(ExtensibilityGlobals) = postSolution
		SolutionGuid = {1E713089-8F0B-45B2-A977-295FE3EFF60F}
	EndGlobalSection
EndGlobal
