
Microsoft Visual Studio Solution File, Format Version 12.00
# Visual Studio 15
VisualStudioVersion = 15.0.27004.2009
MinimumVisualStudioVersion = 10.0.40219.1
Project("{FAE04EC0-301F-11D3-BF4B-00C04F79EFBC}") = "01-Oks", "01-Oks\01-Oks.csproj", "{D4BE1F16-15A4-4C14-BD56-9D4DBA5C003C}"
EndProject
Global
	GlobalSection(SolutionConfigurationPlatforms) = preSolution
		Debug|Any CPU = Debug|Any CPU
		Release|Any CPU = Release|Any CPU
	EndGlobalSection
	GlobalSection(ProjectConfigurationPlatforms) = postSolution
		{D4BE1F16-15A4-4C14-BD56-9D4DBA5C003C}.Debug|Any CPU.ActiveCfg = Debug|Any CPU
		{D4BE1F16-15A4-4C14-BD56-9D4DBA5C003C}.Debug|Any CPU.Build.0 = Debug|Any CPU
		{D4BE1F16-15A4-4C14-BD56-9D4DBA5C003C}.Release|Any CPU.ActiveCfg = Release|Any CPU
		{D4BE1F16-15A4-4C14-BD56-9D4DBA5C003C}.Release|Any CPU.Build.0 = Release|Any CPU
	EndGlobalSection
	GlobalSection(SolutionProperties) = preSolution
		HideSolutionNode = FALSE
	EndGlobalSection
	GlobalSection(ExtensibilityGlobals) = postSolution
		SolutionGuid = {76F57082-D4D5-476D-B100-B18CE816752C}
	EndGlobalSection
EndGlobal
